// !$*UTF8*$!
{
	archiveVersion = 1;
	classes = {
	};
	objectVersion = 46;
	objects = {

/* Begin PBXBuildFile section */
		2F486E621DD35D1900366936 /* OAuth2Handler.swift in Sources */ = {isa = PBXBuildFile; fileRef = 2F486E611DD35D1900366936 /* OAuth2Handler.swift */; };
		2F5AED1D1D4129B90092243F /* TheNavController.swift in Sources */ = {isa = PBXBuildFile; fileRef = 2F5AED1C1D4129B90092243F /* TheNavController.swift */; };
		2F5AED1F1D4131180092243F /* StoryDetailVC.swift in Sources */ = {isa = PBXBuildFile; fileRef = 2F5AED1E1D4131180092243F /* StoryDetailVC.swift */; };
		2F8ED8351DDD88930087A77B /* LoginScreen.swift in Sources */ = {isa = PBXBuildFile; fileRef = 2F8ED8341DDD88930087A77B /* LoginScreen.swift */; };
		2F8F19741D42995D00929215 /* LeftSlideMenuTVC.swift in Sources */ = {isa = PBXBuildFile; fileRef = 2F8F19731D42995D00929215 /* LeftSlideMenuTVC.swift */; };
		2FCF54EC1D3FA9FC0063C180 /* FeedPageTVC.swift in Sources */ = {isa = PBXBuildFile; fileRef = 2FCF54EB1D3FA9FC0063C180 /* FeedPageTVC.swift */; };
		2FCF54EE1D3FE3240063C180 /* RedditFetcher.swift in Sources */ = {isa = PBXBuildFile; fileRef = 2FCF54ED1D3FE3240063C180 /* RedditFetcher.swift */; };
		2FCF54F01D3FE33C0063C180 /* FeedStory.swift in Sources */ = {isa = PBXBuildFile; fileRef = 2FCF54EF1D3FE33C0063C180 /* FeedStory.swift */; };
		2FCF54F21D3FE34E0063C180 /* FeedType.swift in Sources */ = {isa = PBXBuildFile; fileRef = 2FCF54F11D3FE34E0063C180 /* FeedType.swift */; };
		83EAA69DB1F150422B42E7A5 /* Pods_RedditReader.framework in Frameworks */ = {isa = PBXBuildFile; fileRef = D1F42572FC80224CF8605325 /* Pods_RedditReader.framework */; };
		88C8083B1D3EA18D00501729 /* AppDelegate.swift in Sources */ = {isa = PBXBuildFile; fileRef = 88C8083A1D3EA18D00501729 /* AppDelegate.swift */; };
		88C808401D3EA18D00501729 /* Main.storyboard in Resources */ = {isa = PBXBuildFile; fileRef = 88C8083E1D3EA18D00501729 /* Main.storyboard */; };
		88C808421D3EA18D00501729 /* Assets.xcassets in Resources */ = {isa = PBXBuildFile; fileRef = 88C808411D3EA18D00501729 /* Assets.xcassets */; };
		88C808451D3EA18D00501729 /* LaunchScreen.storyboard in Resources */ = {isa = PBXBuildFile; fileRef = 88C808431D3EA18D00501729 /* LaunchScreen.storyboard */; };
/* End PBXBuildFile section */

/* Begin PBXFileReference section */
		2F486E611DD35D1900366936 /* OAuth2Handler.swift */ = {isa = PBXFileReference; fileEncoding = 4; lastKnownFileType = sourcecode.swift; path = OAuth2Handler.swift; sourceTree = "<group>"; };
		2F5AED1C1D4129B90092243F /* TheNavController.swift */ = {isa = PBXFileReference; fileEncoding = 4; lastKnownFileType = sourcecode.swift; name = TheNavController.swift; path = ../TheNavController.swift; sourceTree = "<group>"; };
		2F5AED1E1D4131180092243F /* StoryDetailVC.swift */ = {isa = PBXFileReference; fileEncoding = 4; lastKnownFileType = sourcecode.swift; path = StoryDetailVC.swift; sourceTree = "<group>"; };
		2F8ED8341DDD88930087A77B /* LoginScreen.swift */ = {isa = PBXFileReference; fileEncoding = 4; lastKnownFileType = sourcecode.swift; path = LoginScreen.swift; sourceTree = "<group>"; };
		2F8F19731D42995D00929215 /* LeftSlideMenuTVC.swift */ = {isa = PBXFileReference; fileEncoding = 4; lastKnownFileType = sourcecode.swift; path = LeftSlideMenuTVC.swift; sourceTree = "<group>"; };
		2FCF54EB1D3FA9FC0063C180 /* FeedPageTVC.swift */ = {isa = PBXFileReference; fileEncoding = 4; lastKnownFileType = sourcecode.swift; path = FeedPageTVC.swift; sourceTree = "<group>"; };
		2FCF54ED1D3FE3240063C180 /* RedditFetcher.swift */ = {isa = PBXFileReference; fileEncoding = 4; lastKnownFileType = sourcecode.swift; path = RedditFetcher.swift; sourceTree = "<group>"; };
		2FCF54EF1D3FE33C0063C180 /* FeedStory.swift */ = {isa = PBXFileReference; fileEncoding = 4; lastKnownFileType = sourcecode.swift; path = FeedStory.swift; sourceTree = "<group>"; };
		2FCF54F11D3FE34E0063C180 /* FeedType.swift */ = {isa = PBXFileReference; fileEncoding = 4; lastKnownFileType = sourcecode.swift; path = FeedType.swift; sourceTree = "<group>"; };
		3A920CE00C9DD1900C8F4ACD /* Pods-RedditReader.release.xcconfig */ = {isa = PBXFileReference; includeInIndex = 1; lastKnownFileType = text.xcconfig; name = "Pods-RedditReader.release.xcconfig"; path = "Pods/Target Support Files/Pods-RedditReader/Pods-RedditReader.release.xcconfig"; sourceTree = "<group>"; };
		88C808371D3EA18D00501729 /* RedditReader.app */ = {isa = PBXFileReference; explicitFileType = wrapper.application; includeInIndex = 0; path = RedditReader.app; sourceTree = BUILT_PRODUCTS_DIR; };
		88C8083A1D3EA18D00501729 /* AppDelegate.swift */ = {isa = PBXFileReference; lastKnownFileType = sourcecode.swift; path = AppDelegate.swift; sourceTree = "<group>"; };
		88C8083F1D3EA18D00501729 /* Base */ = {isa = PBXFileReference; lastKnownFileType = file.storyboard; name = Base; path = Base.lproj/Main.storyboard; sourceTree = "<group>"; };
		88C808411D3EA18D00501729 /* Assets.xcassets */ = {isa = PBXFileReference; lastKnownFileType = folder.assetcatalog; path = Assets.xcassets; sourceTree = "<group>"; };
		88C808441D3EA18D00501729 /* Base */ = {isa = PBXFileReference; lastKnownFileType = file.storyboard; name = Base; path = Base.lproj/LaunchScreen.storyboard; sourceTree = "<group>"; };
		88C808461D3EA18D00501729 /* Info.plist */ = {isa = PBXFileReference; lastKnownFileType = text.plist.xml; path = Info.plist; sourceTree = "<group>"; };
		D0093F155DC592B0A8261710 /* Pods-RedditReader.debug.xcconfig */ = {isa = PBXFileReference; includeInIndex = 1; lastKnownFileType = text.xcconfig; name = "Pods-RedditReader.debug.xcconfig"; path = "Pods/Target Support Files/Pods-RedditReader/Pods-RedditReader.debug.xcconfig"; sourceTree = "<group>"; };
		D1F42572FC80224CF8605325 /* Pods_RedditReader.framework */ = {isa = PBXFileReference; explicitFileType = wrapper.framework; includeInIndex = 0; path = Pods_RedditReader.framework; sourceTree = BUILT_PRODUCTS_DIR; };
/* End PBXFileReference section */

/* Begin PBXFrameworksBuildPhase section */
		88C808341D3EA18D00501729 /* Frameworks */ = {
			isa = PBXFrameworksBuildPhase;
			buildActionMask = 2147483647;
			files = (
				83EAA69DB1F150422B42E7A5 /* Pods_RedditReader.framework in Frameworks */,
			);
			runOnlyForDeploymentPostprocessing = 0;
		};
/* End PBXFrameworksBuildPhase section */

/* Begin PBXGroup section */
		2F56CD041DD074E30029F6F3 /* enums */ = {
			isa = PBXGroup;
			children = (
				2FCF54F11D3FE34E0063C180 /* FeedType.swift */,
			);
			name = enums;
			sourceTree = "<group>";
		};
		2F56CD051DD075310029F6F3 /* User Interface */ = {
			isa = PBXGroup;
			children = (
				88C808431D3EA18D00501729 /* LaunchScreen.storyboard */,
				88C8083E1D3EA18D00501729 /* Main.storyboard */,
			);
			name = "User Interface";
			sourceTree = "<group>";
		};
		2F56CD061DD075410029F6F3 /* ViewControllers */ = {
			isa = PBXGroup;
			children = (
				2F5AED1C1D4129B90092243F /* TheNavController.swift */,
				2FCF54EB1D3FA9FC0063C180 /* FeedPageTVC.swift */,
				2F5AED1E1D4131180092243F /* StoryDetailVC.swift */,
				2F8F19731D42995D00929215 /* LeftSlideMenuTVC.swift */,
				2F8ED8341DDD88930087A77B /* LoginScreen.swift */,
			);
			name = ViewControllers;
			sourceTree = "<group>";
		};
		2F56CD071DD075500029F6F3 /* Model/Utility Classes */ = {
			isa = PBXGroup;
			children = (
				2FCF54ED1D3FE3240063C180 /* RedditFetcher.swift */,
				2FCF54EF1D3FE33C0063C180 /* FeedStory.swift */,
			);
			name = "Model/Utility Classes";
			sourceTree = "<group>";
		};
		2F56CD081DD0756A0029F6F3 /* Project Files */ = {
			isa = PBXGroup;
			children = (
				88C8083A1D3EA18D00501729 /* AppDelegate.swift */,
				2F486E611DD35D1900366936 /* OAuth2Handler.swift */,
			);
			name = "Project Files";
			sourceTree = "<group>";
		};
		7FD2CB76F427FF33B89904EB /* Pods */ = {
			isa = PBXGroup;
			children = (
				D0093F155DC592B0A8261710 /* Pods-RedditReader.debug.xcconfig */,
				3A920CE00C9DD1900C8F4ACD /* Pods-RedditReader.release.xcconfig */,
			);
			name = Pods;
			sourceTree = "<group>";
		};
		88C8082E1D3EA18D00501729 = {
			isa = PBXGroup;
			children = (
				88C808391D3EA18D00501729 /* RedditReader */,
				88C808381D3EA18D00501729 /* Products */,
				7FD2CB76F427FF33B89904EB /* Pods */,
				F63FBA31C1AC37A3E1A3CCAF /* Frameworks */,
			);
			sourceTree = "<group>";
		};
		88C808381D3EA18D00501729 /* Products */ = {
			isa = PBXGroup;
			children = (
				88C808371D3EA18D00501729 /* RedditReader.app */,
			);
			name = Products;
			sourceTree = "<group>";
		};
		88C808391D3EA18D00501729 /* RedditReader */ = {
			isa = PBXGroup;
			children = (
				2F56CD081DD0756A0029F6F3 /* Project Files */,
				2F56CD071DD075500029F6F3 /* Model/Utility Classes */,
				2F56CD041DD074E30029F6F3 /* enums */,
				2F56CD061DD075410029F6F3 /* ViewControllers */,
				2F56CD051DD075310029F6F3 /* User Interface */,
				88C808411D3EA18D00501729 /* Assets.xcassets */,
				88C808461D3EA18D00501729 /* Info.plist */,
			);
			path = RedditReader;
			sourceTree = "<group>";
		};
		F63FBA31C1AC37A3E1A3CCAF /* Frameworks */ = {
			isa = PBXGroup;
			children = (
				D1F42572FC80224CF8605325 /* Pods_RedditReader.framework */,
			);
			name = Frameworks;
			sourceTree = "<group>";
		};
/* End PBXGroup section */

/* Begin PBXNativeTarget section */
		88C808361D3EA18D00501729 /* RedditReader */ = {
			isa = PBXNativeTarget;
			buildConfigurationList = 88C808491D3EA18D00501729 /* Build configuration list for PBXNativeTarget "RedditReader" */;
			buildPhases = (
				8AA6B34994BACF1537F54A32 /* 📦 Check Pods Manifest.lock */,
				88C808331D3EA18D00501729 /* Sources */,
				88C808341D3EA18D00501729 /* Frameworks */,
				88C808351D3EA18D00501729 /* Resources */,
				FECF02DD235AAD79908E7F4B /* 📦 Embed Pods Frameworks */,
				E6D8B54F2A7545A3133B04C4 /* 📦 Copy Pods Resources */,
			);
			buildRules = (
			);
			dependencies = (
			);
			name = RedditReader;
			productName = RedditReader;
			productReference = 88C808371D3EA18D00501729 /* RedditReader.app */;
			productType = "com.apple.product-type.application";
		};
/* End PBXNativeTarget section */

/* Begin PBXProject section */
		88C8082F1D3EA18D00501729 /* Project object */ = {
			isa = PBXProject;
			attributes = {
				LastSwiftUpdateCheck = 0720;
				LastUpgradeCheck = 0800;
				ORGANIZATIONNAME = "Prashanth Moorthy";
				TargetAttributes = {
					88C808361D3EA18D00501729 = {
						CreatedOnToolsVersion = 7.2.1;
						DevelopmentTeam = TLV25NDMDF;
						LastSwiftMigration = 0800;
						ProvisioningStyle = Automatic;
					};
				};
			};
			buildConfigurationList = 88C808321D3EA18D00501729 /* Build configuration list for PBXProject "RedditReader" */;
			compatibilityVersion = "Xcode 3.2";
			developmentRegion = English;
			hasScannedForEncodings = 0;
			knownRegions = (
				en,
				Base,
			);
			mainGroup = 88C8082E1D3EA18D00501729;
			productRefGroup = 88C808381D3EA18D00501729 /* Products */;
			projectDirPath = "";
			projectRoot = "";
			targets = (
				88C808361D3EA18D00501729 /* RedditReader */,
			);
		};
/* End PBXProject section */

/* Begin PBXResourcesBuildPhase section */
		88C808351D3EA18D00501729 /* Resources */ = {
			isa = PBXResourcesBuildPhase;
			buildActionMask = 2147483647;
			files = (
				88C808451D3EA18D00501729 /* LaunchScreen.storyboard in Resources */,
				88C808421D3EA18D00501729 /* Assets.xcassets in Resources */,
				88C808401D3EA18D00501729 /* Main.storyboard in Resources */,
			);
			runOnlyForDeploymentPostprocessing = 0;
		};
/* End PBXResourcesBuildPhase section */

/* Begin PBXShellScriptBuildPhase section */
		8AA6B34994BACF1537F54A32 /* 📦 Check Pods Manifest.lock */ = {
			isa = PBXShellScriptBuildPhase;
			buildActionMask = 2147483647;
			files = (
			);
			inputPaths = (
			);
			name = "📦 Check Pods Manifest.lock";
			outputPaths = (
			);
			runOnlyForDeploymentPostprocessing = 0;
			shellPath = /bin/sh;
			shellScript = "diff \"${PODS_ROOT}/../Podfile.lock\" \"${PODS_ROOT}/Manifest.lock\" > /dev/null\nif [[ $? != 0 ]] ; then\n    cat << EOM\nerror: The sandbox is not in sync with the Podfile.lock. Run 'pod install' or update your CocoaPods installation.\nEOM\n    exit 1\nfi\n";
			showEnvVarsInLog = 0;
		};
		E6D8B54F2A7545A3133B04C4 /* 📦 Copy Pods Resources */ = {
			isa = PBXShellScriptBuildPhase;
			buildActionMask = 2147483647;
			files = (
			);
			inputPaths = (
			);
			name = "📦 Copy Pods Resources";
			outputPaths = (
			);
			runOnlyForDeploymentPostprocessing = 0;
			shellPath = /bin/sh;
			shellScript = "\"${SRCROOT}/Pods/Target Support Files/Pods-RedditReader/Pods-RedditReader-resources.sh\"\n";
			showEnvVarsInLog = 0;
		};
		FECF02DD235AAD79908E7F4B /* 📦 Embed Pods Frameworks */ = {
			isa = PBXShellScriptBuildPhase;
			buildActionMask = 2147483647;
			files = (
			);
			inputPaths = (
			);
			name = "📦 Embed Pods Frameworks";
			outputPaths = (
			);
			runOnlyForDeploymentPostprocessing = 0;
			shellPath = /bin/sh;
			shellScript = "\"${SRCROOT}/Pods/Target Support Files/Pods-RedditReader/Pods-RedditReader-frameworks.sh\"\n";
			showEnvVarsInLog = 0;
		};
/* End PBXShellScriptBuildPhase section */

/* Begin PBXSourcesBuildPhase section */
		88C808331D3EA18D00501729 /* Sources */ = {
			isa = PBXSourcesBuildPhase;
			buildActionMask = 2147483647;
			files = (
				2F486E621DD35D1900366936 /* OAuth2Handler.swift in Sources */,
				2FCF54EE1D3FE3240063C180 /* RedditFetcher.swift in Sources */,
				2F5AED1F1D4131180092243F /* StoryDetailVC.swift in Sources */,
				2FCF54EC1D3FA9FC0063C180 /* FeedPageTVC.swift in Sources */,
				88C8083B1D3EA18D00501729 /* AppDelegate.swift in Sources */,
				2F5AED1D1D4129B90092243F /* TheNavController.swift in Sources */,
				2FCF54F01D3FE33C0063C180 /* FeedStory.swift in Sources */,
				2FCF54F21D3FE34E0063C180 /* FeedType.swift in Sources */,
				2F8F19741D42995D00929215 /* LeftSlideMenuTVC.swift in Sources */,
				2F8ED8351DDD88930087A77B /* LoginScreen.swift in Sources */,
			);
			runOnlyForDeploymentPostprocessing = 0;
		};
/* End PBXSourcesBuildPhase section */

/* Begin PBXVariantGroup section */
		88C8083E1D3EA18D00501729 /* Main.storyboard */ = {
			isa = PBXVariantGroup;
			children = (
				88C8083F1D3EA18D00501729 /* Base */,
			);
			name = Main.storyboard;
			sourceTree = "<group>";
		};
		88C808431D3EA18D00501729 /* LaunchScreen.storyboard */ = {
			isa = PBXVariantGroup;
			children = (
				88C808441D3EA18D00501729 /* Base */,
			);
			name = LaunchScreen.storyboard;
			sourceTree = "<group>";
		};
/* End PBXVariantGroup section */

/* Begin XCBuildConfiguration section */
		88C808471D3EA18D00501729 /* Debug */ = {
			isa = XCBuildConfiguration;
			buildSettings = {
				ALWAYS_SEARCH_USER_PATHS = NO;
				CLANG_CXX_LANGUAGE_STANDARD = "gnu++0x";
				CLANG_CXX_LIBRARY = "libc++";
				CLANG_ENABLE_MODULES = YES;
				CLANG_ENABLE_OBJC_ARC = YES;
				CLANG_WARN_BOOL_CONVERSION = YES;
				CLANG_WARN_CONSTANT_CONVERSION = YES;
				CLANG_WARN_DIRECT_OBJC_ISA_USAGE = YES_ERROR;
				CLANG_WARN_EMPTY_BODY = YES;
				CLANG_WARN_ENUM_CONVERSION = YES;
				CLANG_WARN_INFINITE_RECURSION = YES;
				CLANG_WARN_INT_CONVERSION = YES;
				CLANG_WARN_OBJC_ROOT_CLASS = YES_ERROR;
				CLANG_WARN_SUSPICIOUS_MOVE = YES;
				CLANG_WARN_UNREACHABLE_CODE = YES;
				CLANG_WARN__DUPLICATE_METHOD_MATCH = YES;
				"CODE_SIGN_IDENTITY[sdk=iphoneos*]" = "iPhone Developer";
				COPY_PHASE_STRIP = NO;
				DEBUG_INFORMATION_FORMAT = dwarf;
				ENABLE_STRICT_OBJC_MSGSEND = YES;
				ENABLE_TESTABILITY = YES;
				GCC_C_LANGUAGE_STANDARD = gnu99;
				GCC_DYNAMIC_NO_PIC = NO;
				GCC_NO_COMMON_BLOCKS = YES;
				GCC_OPTIMIZATION_LEVEL = 0;
				GCC_PREPROCESSOR_DEFINITIONS = (
					"DEBUG=1",
					"$(inherited)",
				);
				GCC_WARN_64_TO_32_BIT_CONVERSION = YES;
				GCC_WARN_ABOUT_RETURN_TYPE = YES_ERROR;
				GCC_WARN_UNDECLARED_SELECTOR = YES;
				GCC_WARN_UNINITIALIZED_AUTOS = YES_AGGRESSIVE;
				GCC_WARN_UNUSED_FUNCTION = YES;
				GCC_WARN_UNUSED_VARIABLE = YES;
				IPHONEOS_DEPLOYMENT_TARGET = 9.2;
				MTL_ENABLE_DEBUG_INFO = YES;
				ONLY_ACTIVE_ARCH = YES;
				SDKROOT = iphoneos;
				SWIFT_OPTIMIZATION_LEVEL = "-Onone";
			};
			name = Debug;
		};
		88C808481D3EA18D00501729 /* Release */ = {
			isa = XCBuildConfiguration;
			buildSettings = {
				ALWAYS_SEARCH_USER_PATHS = NO;
				CLANG_CXX_LANGUAGE_STANDARD = "gnu++0x";
				CLANG_CXX_LIBRARY = "libc++";
				CLANG_ENABLE_MODULES = YES;
				CLANG_ENABLE_OBJC_ARC = YES;
				CLANG_WARN_BOOL_CONVERSION = YES;
				CLANG_WARN_CONSTANT_CONVERSION = YES;
				CLANG_WARN_DIRECT_OBJC_ISA_USAGE = YES_ERROR;
				CLANG_WARN_EMPTY_BODY = YES;
				CLANG_WARN_ENUM_CONVERSION = YES;
				CLANG_WARN_INFINITE_RECURSION = YES;
				CLANG_WARN_INT_CONVERSION = YES;
				CLANG_WARN_OBJC_ROOT_CLASS = YES_ERROR;
				CLANG_WARN_SUSPICIOUS_MOVE = YES;
				CLANG_WARN_UNREACHABLE_CODE = YES;
				CLANG_WARN__DUPLICATE_METHOD_MATCH = YES;
				"CODE_SIGN_IDENTITY[sdk=iphoneos*]" = "iPhone Developer";
				COPY_PHASE_STRIP = NO;
				DEBUG_INFORMATION_FORMAT = "dwarf-with-dsym";
				ENABLE_NS_ASSERTIONS = NO;
				ENABLE_STRICT_OBJC_MSGSEND = YES;
				GCC_C_LANGUAGE_STANDARD = gnu99;
				GCC_NO_COMMON_BLOCKS = YES;
				GCC_WARN_64_TO_32_BIT_CONVERSION = YES;
				GCC_WARN_ABOUT_RETURN_TYPE = YES_ERROR;
				GCC_WARN_UNDECLARED_SELECTOR = YES;
				GCC_WARN_UNINITIALIZED_AUTOS = YES_AGGRESSIVE;
				GCC_WARN_UNUSED_FUNCTION = YES;
				GCC_WARN_UNUSED_VARIABLE = YES;
				IPHONEOS_DEPLOYMENT_TARGET = 9.2;
				MTL_ENABLE_DEBUG_INFO = NO;
				SDKROOT = iphoneos;
				SWIFT_OPTIMIZATION_LEVEL = "-Owholemodule";
				VALIDATE_PRODUCT = YES;
			};
			name = Release;
		};
		88C8084A1D3EA18D00501729 /* Debug */ = {
			isa = XCBuildConfiguration;
			baseConfigurationReference = D0093F155DC592B0A8261710 /* Pods-RedditReader.debug.xcconfig */;
			buildSettings = {
				ALWAYS_EMBED_SWIFT_STANDARD_LIBRARIES = YES;
				ASSETCATALOG_COMPILER_APPICON_NAME = AppIcon;
				CODE_SIGN_IDENTITY = "iPhone Developer";
				"CODE_SIGN_IDENTITY[sdk=iphoneos*]" = "iPhone Developer";
				DEVELOPMENT_TEAM = TLV25NDMDF;
				INFOPLIST_FILE = RedditReader/Info.plist;
				IPHONEOS_DEPLOYMENT_TARGET = 9.0;
				LD_RUNPATH_SEARCH_PATHS = "$(inherited) @executable_path/Frameworks";
				PRODUCT_BUNDLE_IDENTIFIER = com.theappmentor.RedditReader;
				PRODUCT_NAME = "$(TARGET_NAME)";
				SWIFT_VERSION = 3.0;
			};
			name = Debug;
		};
		88C8084B1D3EA18D00501729 /* Release */ = {
			isa = XCBuildConfiguration;
			baseConfigurationReference = 3A920CE00C9DD1900C8F4ACD /* Pods-RedditReader.release.xcconfig */;
			buildSettings = {
				ALWAYS_EMBED_SWIFT_STANDARD_LIBRARIES = YES;
				ASSETCATALOG_COMPILER_APPICON_NAME = AppIcon;
				CODE_SIGN_IDENTITY = "iPhone Developer";
				"CODE_SIGN_IDENTITY[sdk=iphoneos*]" = "iPhone Developer";
				DEVELOPMENT_TEAM = TLV25NDMDF;
				INFOPLIST_FILE = RedditReader/Info.plist;
				IPHONEOS_DEPLOYMENT_TARGET = 9.0;
				LD_RUNPATH_SEARCH_PATHS = "$(inherited) @executable_path/Frameworks";
				PRODUCT_BUNDLE_IDENTIFIER = com.theappmentor.RedditReader;
				PRODUCT_NAME = "$(TARGET_NAME)";
				SWIFT_VERSION = 3.0;
			};
			name = Release;
		};
/* End XCBuildConfiguration section */

/* Begin XCConfigurationList section */
		88C808321D3EA18D00501729 /* Build configuration list for PBXProject "RedditReader" */ = {
			isa = XCConfigurationList;
			buildConfigurations = (
				88C808471D3EA18D00501729 /* Debug */,
				88C808481D3EA18D00501729 /* Release */,
			);
			defaultConfigurationIsVisible = 0;
			defaultConfigurationName = Release;
		};
		88C808491D3EA18D00501729 /* Build configuration list for PBXNativeTarget "RedditReader" */ = {
			isa = XCConfigurationList;
			buildConfigurations = (
				88C8084A1D3EA18D00501729 /* Debug */,
				88C8084B1D3EA18D00501729 /* Release */,
			);
			defaultConfigurationIsVisible = 0;
			defaultConfigurationName = Release;
		};
/* End XCConfigurationList section */
	};
	rootObject = 88C8082F1D3EA18D00501729 /* Project object */;
}
